{
  "name": "x-state-demo",
  "version": "1.0.0",
  "lockfileVersion": 1,
  "requires": true,
  "dependencies": {
    "xstate": {
      "version": "4.7.6",
      "resolved": "https://registry.npmjs.org/xstate/-/xstate-4.7.6.tgz",
      "integrity": "sha512-TjBk1/uOxu2yxSQW0eNNasOvKMtg+4KknlkM57Pw9D+jF124nLz+Qo4nEcC98rR6YMw4d9VxunIb5XzOjgLqlQ=="
    }
  }
}
